// !$*UTF8*$!
{
	archiveVersion = 1;
	classes = {
	};
	objectVersion = 50;
	objects = {

/* Begin PBXBuildFile section */
		1F2D43222214DB3F00942403 /* PostCell.swift in Sources */ = {isa = PBXBuildFile; fileRef = 1F2D43212214DB3F00942403 /* PostCell.swift */; };
		1F5831072214AD64005C48A6 /* CameraViewController.swift in Sources */ = {isa = PBXBuildFile; fileRef = 1F5831062214AD64005C48A6 /* CameraViewController.swift */; };
		1F93F38622123BD600E435C4 /* AppDelegate.swift in Sources */ = {isa = PBXBuildFile; fileRef = 1F93F38522123BD600E435C4 /* AppDelegate.swift */; };
		1F93F38B22123BD600E435C4 /* Main.storyboard in Resources */ = {isa = PBXBuildFile; fileRef = 1F93F38922123BD600E435C4 /* Main.storyboard */; };
		1F93F38D22123BD700E435C4 /* Assets.xcassets in Resources */ = {isa = PBXBuildFile; fileRef = 1F93F38C22123BD700E435C4 /* Assets.xcassets */; };
		1F93F39022123BD700E435C4 /* LaunchScreen.storyboard in Resources */ = {isa = PBXBuildFile; fileRef = 1F93F38E22123BD700E435C4 /* LaunchScreen.storyboard */; };
		1F93F39B22123BD700E435C4 /* ParstagramTests.swift in Sources */ = {isa = PBXBuildFile; fileRef = 1F93F39A22123BD700E435C4 /* ParstagramTests.swift */; };
		1F93F3A622123BD700E435C4 /* ParstagramUITests.swift in Sources */ = {isa = PBXBuildFile; fileRef = 1F93F3A522123BD700E435C4 /* ParstagramUITests.swift */; };
		1F93F3B62212426B00E435C4 /* LoginViewController.swift in Sources */ = {isa = PBXBuildFile; fileRef = 1F93F3B52212426B00E435C4 /* LoginViewController.swift */; };
		1F93F3B82212427600E435C4 /* FeedViewController.swift in Sources */ = {isa = PBXBuildFile; fileRef = 1F93F3B72212427600E435C4 /* FeedViewController.swift */; };
		6E23663053F89088F4EC79EE /* Pods_ParstagramTests.framework in Frameworks */ = {isa = PBXBuildFile; fileRef = B7EB93A5B3AD4B1A5C552329 /* Pods_ParstagramTests.framework */; };
		70B2F0FAFF706885D787BA7D /* Pods_ParstagramUITests.framework in Frameworks */ = {isa = PBXBuildFile; fileRef = 081340403B6CA29EE4F5545A /* Pods_ParstagramUITests.framework */; };
		B98141CB70C60570F82FA70B /* Pods_Parstagram.framework in Frameworks */ = {isa = PBXBuildFile; fileRef = FD13D93B8684F17F22F80E2A /* Pods_Parstagram.framework */; };
/* End PBXBuildFile section */

/* Begin PBXContainerItemProxy section */
		1F93F39722123BD700E435C4 /* PBXContainerItemProxy */ = {
			isa = PBXContainerItemProxy;
			containerPortal = 1F93F37A22123BD600E435C4 /* Project object */;
			proxyType = 1;
			remoteGlobalIDString = 1F93F38122123BD600E435C4;
			remoteInfo = Parstagram;
		};
		1F93F3A222123BD700E435C4 /* PBXContainerItemProxy */ = {
			isa = PBXContainerItemProxy;
			containerPortal = 1F93F37A22123BD600E435C4 /* Project object */;
			proxyType = 1;
			remoteGlobalIDString = 1F93F38122123BD600E435C4;
			remoteInfo = Parstagram;
		};
/* End PBXContainerItemProxy section */

/* Begin PBXFileReference section */
		081340403B6CA29EE4F5545A /* Pods_ParstagramUITests.framework */ = {isa = PBXFileReference; explicitFileType = wrapper.framework; includeInIndex = 0; path = Pods_ParstagramUITests.framework; sourceTree = BUILT_PRODUCTS_DIR; };
		1F2D43212214DB3F00942403 /* PostCell.swift */ = {isa = PBXFileReference; lastKnownFileType = sourcecode.swift; path = PostCell.swift; sourceTree = "<group>"; };
		1F5831062214AD64005C48A6 /* CameraViewController.swift */ = {isa = PBXFileReference; lastKnownFileType = sourcecode.swift; path = CameraViewController.swift; sourceTree = "<group>"; };
		1F93F38222123BD600E435C4 /* Parstagram.app */ = {isa = PBXFileReference; explicitFileType = wrapper.application; includeInIndex = 0; path = Parstagram.app; sourceTree = BUILT_PRODUCTS_DIR; };
		1F93F38522123BD600E435C4 /* AppDelegate.swift */ = {isa = PBXFileReference; lastKnownFileType = sourcecode.swift; path = AppDelegate.swift; sourceTree = "<group>"; };
		1F93F38A22123BD600E435C4 /* Base */ = {isa = PBXFileReference; lastKnownFileType = file.storyboard; name = Base; path = Base.lproj/Main.storyboard; sourceTree = "<group>"; };
		1F93F38C22123BD700E435C4 /* Assets.xcassets */ = {isa = PBXFileReference; lastKnownFileType = folder.assetcatalog; path = Assets.xcassets; sourceTree = "<group>"; };
		1F93F38F22123BD700E435C4 /* Base */ = {isa = PBXFileReference; lastKnownFileType = file.storyboard; name = Base; path = Base.lproj/LaunchScreen.storyboard; sourceTree = "<group>"; };
		1F93F39122123BD700E435C4 /* Info.plist */ = {isa = PBXFileReference; lastKnownFileType = text.plist.xml; path = Info.plist; sourceTree = "<group>"; };
		1F93F39622123BD700E435C4 /* ParstagramTests.xctest */ = {isa = PBXFileReference; explicitFileType = wrapper.cfbundle; includeInIndex = 0; path = ParstagramTests.xctest; sourceTree = BUILT_PRODUCTS_DIR; };
		1F93F39A22123BD700E435C4 /* ParstagramTests.swift */ = {isa = PBXFileReference; lastKnownFileType = sourcecode.swift; path = ParstagramTests.swift; sourceTree = "<group>"; };
		1F93F39C22123BD700E435C4 /* Info.plist */ = {isa = PBXFileReference; lastKnownFileType = text.plist.xml; path = Info.plist; sourceTree = "<group>"; };
		1F93F3A122123BD700E435C4 /* ParstagramUITests.xctest */ = {isa = PBXFileReference; explicitFileType = wrapper.cfbundle; includeInIndex = 0; path = ParstagramUITests.xctest; sourceTree = BUILT_PRODUCTS_DIR; };
		1F93F3A522123BD700E435C4 /* ParstagramUITests.swift */ = {isa = PBXFileReference; lastKnownFileType = sourcecode.swift; path = ParstagramUITests.swift; sourceTree = "<group>"; };
		1F93F3A722123BD700E435C4 /* Info.plist */ = {isa = PBXFileReference; lastKnownFileType = text.plist.xml; path = Info.plist; sourceTree = "<group>"; };
		1F93F3B52212426B00E435C4 /* LoginViewController.swift */ = {isa = PBXFileReference; lastKnownFileType = sourcecode.swift; path = LoginViewController.swift; sourceTree = "<group>"; };
		1F93F3B72212427600E435C4 /* FeedViewController.swift */ = {isa = PBXFileReference; lastKnownFileType = sourcecode.swift; path = FeedViewController.swift; sourceTree = "<group>"; };
		89BBDF7982E26090E9542A84 /* Pods-ParstagramUITests.debug.xcconfig */ = {isa = PBXFileReference; includeInIndex = 1; lastKnownFileType = text.xcconfig; name = "Pods-ParstagramUITests.debug.xcconfig"; path = "Target Support Files/Pods-ParstagramUITests/Pods-ParstagramUITests.debug.xcconfig"; sourceTree = "<group>"; };
		9946E4E63B7A8BF3C97D78BB /* Pods-ParstagramTests.release.xcconfig */ = {isa = PBXFileReference; includeInIndex = 1; lastKnownFileType = text.xcconfig; name = "Pods-ParstagramTests.release.xcconfig"; path = "Target Support Files/Pods-ParstagramTests/Pods-ParstagramTests.release.xcconfig"; sourceTree = "<group>"; };
		B7EB93A5B3AD4B1A5C552329 /* Pods_ParstagramTests.framework */ = {isa = PBXFileReference; explicitFileType = wrapper.framework; includeInIndex = 0; path = Pods_ParstagramTests.framework; sourceTree = BUILT_PRODUCTS_DIR; };
		C7E002C98B75FAC8541AA93E /* Pods-Parstagram.release.xcconfig */ = {isa = PBXFileReference; includeInIndex = 1; lastKnownFileType = text.xcconfig; name = "Pods-Parstagram.release.xcconfig"; path = "Target Support Files/Pods-Parstagram/Pods-Parstagram.release.xcconfig"; sourceTree = "<group>"; };
		D03AEA6E902AFCBD8BDE10BC /* Pods-Parstagram.debug.xcconfig */ = {isa = PBXFileReference; includeInIndex = 1; lastKnownFileType = text.xcconfig; name = "Pods-Parstagram.debug.xcconfig"; path = "Target Support Files/Pods-Parstagram/Pods-Parstagram.debug.xcconfig"; sourceTree = "<group>"; };
		E25F5AD4BDC2194EB8562315 /* Pods-ParstagramTests.debug.xcconfig */ = {isa = PBXFileReference; includeInIndex = 1; lastKnownFileType = text.xcconfig; name = "Pods-ParstagramTests.debug.xcconfig"; path = "Target Support Files/Pods-ParstagramTests/Pods-ParstagramTests.debug.xcconfig"; sourceTree = "<group>"; };
		EDE7A3905645FCDF53D2F6EB /* Pods-ParstagramUITests.release.xcconfig */ = {isa = PBXFileReference; includeInIndex = 1; lastKnownFileType = text.xcconfig; name = "Pods-ParstagramUITests.release.xcconfig"; path = "Target Support Files/Pods-ParstagramUITests/Pods-ParstagramUITests.release.xcconfig"; sourceTree = "<group>"; };
		FD13D93B8684F17F22F80E2A /* Pods_Parstagram.framework */ = {isa = PBXFileReference; explicitFileType = wrapper.framework; includeInIndex = 0; path = Pods_Parstagram.framework; sourceTree = BUILT_PRODUCTS_DIR; };
/* End PBXFileReference section */

/* Begin PBXFrameworksBuildPhase section */
		1F93F37F22123BD600E435C4 /* Frameworks */ = {
			isa = PBXFrameworksBuildPhase;
			buildActionMask = 2147483647;
			files = (
				B98141CB70C60570F82FA70B /* Pods_Parstagram.framework in Frameworks */,
			);
			runOnlyForDeploymentPostprocessing = 0;
		};
		1F93F39322123BD700E435C4 /* Frameworks */ = {
			isa = PBXFrameworksBuildPhase;
			buildActionMask = 2147483647;
			files = (
				6E23663053F89088F4EC79EE /* Pods_ParstagramTests.framework in Frameworks */,
			);
			runOnlyForDeploymentPostprocessing = 0;
		};
		1F93F39E22123BD700E435C4 /* Frameworks */ = {
			isa = PBXFrameworksBuildPhase;
			buildActionMask = 2147483647;
			files = (
				70B2F0FAFF706885D787BA7D /* Pods_ParstagramUITests.framework in Frameworks */,
			);
			runOnlyForDeploymentPostprocessing = 0;
		};
/* End PBXFrameworksBuildPhase section */

/* Begin PBXGroup section */
		1F93F37922123BD600E435C4 = {
			isa = PBXGroup;
			children = (
				1F93F38422123BD600E435C4 /* Parstagram */,
				1F93F39922123BD700E435C4 /* ParstagramTests */,
				1F93F3A422123BD700E435C4 /* ParstagramUITests */,
				1F93F38322123BD600E435C4 /* Products */,
				EB45C7F4E12942A08D5E02E3 /* Pods */,
				61F689A5AFF607B73948268C /* Frameworks */,
			);
			sourceTree = "<group>";
		};
		1F93F38322123BD600E435C4 /* Products */ = {
			isa = PBXGroup;
			children = (
				1F93F38222123BD600E435C4 /* Parstagram.app */,
				1F93F39622123BD700E435C4 /* ParstagramTests.xctest */,
				1F93F3A122123BD700E435C4 /* ParstagramUITests.xctest */,
			);
			name = Products;
			sourceTree = "<group>";
		};
		1F93F38422123BD600E435C4 /* Parstagram */ = {
			isa = PBXGroup;
			children = (
				1F93F38522123BD600E435C4 /* AppDelegate.swift */,
				1F93F38922123BD600E435C4 /* Main.storyboard */,
				1F93F38C22123BD700E435C4 /* Assets.xcassets */,
				1F93F38E22123BD700E435C4 /* LaunchScreen.storyboard */,
				1F93F39122123BD700E435C4 /* Info.plist */,
				1F93F3B52212426B00E435C4 /* LoginViewController.swift */,
				1F93F3B72212427600E435C4 /* FeedViewController.swift */,
				1F5831062214AD64005C48A6 /* CameraViewController.swift */,
				1F2D43212214DB3F00942403 /* PostCell.swift */,
			);
			path = Parstagram;
			sourceTree = "<group>";
		};
		1F93F39922123BD700E435C4 /* ParstagramTests */ = {
			isa = PBXGroup;
			children = (
				1F93F39A22123BD700E435C4 /* ParstagramTests.swift */,
				1F93F39C22123BD700E435C4 /* Info.plist */,
			);
			path = ParstagramTests;
			sourceTree = "<group>";
		};
		1F93F3A422123BD700E435C4 /* ParstagramUITests */ = {
			isa = PBXGroup;
			children = (
				1F93F3A522123BD700E435C4 /* ParstagramUITests.swift */,
				1F93F3A722123BD700E435C4 /* Info.plist */,
			);
			path = ParstagramUITests;
			sourceTree = "<group>";
		};
		61F689A5AFF607B73948268C /* Frameworks */ = {
			isa = PBXGroup;
			children = (
				FD13D93B8684F17F22F80E2A /* Pods_Parstagram.framework */,
				B7EB93A5B3AD4B1A5C552329 /* Pods_ParstagramTests.framework */,
				081340403B6CA29EE4F5545A /* Pods_ParstagramUITests.framework */,
			);
			name = Frameworks;
			sourceTree = "<group>";
		};
		EB45C7F4E12942A08D5E02E3 /* Pods */ = {
			isa = PBXGroup;
			children = (
				D03AEA6E902AFCBD8BDE10BC /* Pods-Parstagram.debug.xcconfig */,
				C7E002C98B75FAC8541AA93E /* Pods-Parstagram.release.xcconfig */,
				E25F5AD4BDC2194EB8562315 /* Pods-ParstagramTests.debug.xcconfig */,
				9946E4E63B7A8BF3C97D78BB /* Pods-ParstagramTests.release.xcconfig */,
				89BBDF7982E26090E9542A84 /* Pods-ParstagramUITests.debug.xcconfig */,
				EDE7A3905645FCDF53D2F6EB /* Pods-ParstagramUITests.release.xcconfig */,
			);
			path = Pods;
			sourceTree = "<group>";
		};
/* End PBXGroup section */

/* Begin PBXNativeTarget section */
		1F93F38122123BD600E435C4 /* Parstagram */ = {
			isa = PBXNativeTarget;
			buildConfigurationList = 1F93F3AA22123BD700E435C4 /* Build configuration list for PBXNativeTarget "Parstagram" */;
			buildPhases = (
				5DC58CA50E5179A894F13CC5 /* [CP] Check Pods Manifest.lock */,
				1F93F37E22123BD600E435C4 /* Sources */,
				1F93F37F22123BD600E435C4 /* Frameworks */,
				1F93F38022123BD600E435C4 /* Resources */,
				06F033318C7CA46B645E31E6 /* [CP] Embed Pods Frameworks */,
			);
			buildRules = (
			);
			dependencies = (
			);
			name = Parstagram;
			productName = Parstagram;
			productReference = 1F93F38222123BD600E435C4 /* Parstagram.app */;
			productType = "com.apple.product-type.application";
		};
		1F93F39522123BD700E435C4 /* ParstagramTests */ = {
			isa = PBXNativeTarget;
			buildConfigurationList = 1F93F3AD22123BD700E435C4 /* Build configuration list for PBXNativeTarget "ParstagramTests" */;
			buildPhases = (
				5221EC333490A181452CE522 /* [CP] Check Pods Manifest.lock */,
				1F93F39222123BD700E435C4 /* Sources */,
				1F93F39322123BD700E435C4 /* Frameworks */,
				1F93F39422123BD700E435C4 /* Resources */,
			);
			buildRules = (
			);
			dependencies = (
				1F93F39822123BD700E435C4 /* PBXTargetDependency */,
			);
			name = ParstagramTests;
			productName = ParstagramTests;
			productReference = 1F93F39622123BD700E435C4 /* ParstagramTests.xctest */;
			productType = "com.apple.product-type.bundle.unit-test";
		};
		1F93F3A022123BD700E435C4 /* ParstagramUITests */ = {
			isa = PBXNativeTarget;
			buildConfigurationList = 1F93F3B022123BD700E435C4 /* Build configuration list for PBXNativeTarget "ParstagramUITests" */;
			buildPhases = (
				F3F1F4224B389F2D47E66CC7 /* [CP] Check Pods Manifest.lock */,
				1F93F39D22123BD700E435C4 /* Sources */,
				1F93F39E22123BD700E435C4 /* Frameworks */,
				1F93F39F22123BD700E435C4 /* Resources */,
			);
			buildRules = (
			);
			dependencies = (
				1F93F3A322123BD700E435C4 /* PBXTargetDependency */,
			);
			name = ParstagramUITests;
			productName = ParstagramUITests;
			productReference = 1F93F3A122123BD700E435C4 /* ParstagramUITests.xctest */;
			productType = "com.apple.product-type.bundle.ui-testing";
		};
/* End PBXNativeTarget section */

/* Begin PBXProject section */
		1F93F37A22123BD600E435C4 /* Project object */ = {
			isa = PBXProject;
			attributes = {
				LastSwiftUpdateCheck = 1010;
				LastUpgradeCheck = 1010;
				ORGANIZATIONNAME = "Nick Pappas";
				TargetAttributes = {
					1F93F38122123BD600E435C4 = {
						CreatedOnToolsVersion = 10.1;
					};
					1F93F39522123BD700E435C4 = {
						CreatedOnToolsVersion = 10.1;
						TestTargetID = 1F93F38122123BD600E435C4;
					};
					1F93F3A022123BD700E435C4 = {
						CreatedOnToolsVersion = 10.1;
						TestTargetID = 1F93F38122123BD600E435C4;
					};
				};
			};
			buildConfigurationList = 1F93F37D22123BD600E435C4 /* Build configuration list for PBXProject "Parstagram" */;
			compatibilityVersion = "Xcode 9.3";
			developmentRegion = en;
			hasScannedForEncodings = 0;
			knownRegions = (
				en,
				Base,
			);
			mainGroup = 1F93F37922123BD600E435C4;
			productRefGroup = 1F93F38322123BD600E435C4 /* Products */;
			projectDirPath = "";
			projectRoot = "";
			targets = (
				1F93F38122123BD600E435C4 /* Parstagram */,
				1F93F39522123BD700E435C4 /* ParstagramTests */,
				1F93F3A022123BD700E435C4 /* ParstagramUITests */,
			);
		};
/* End PBXProject section */

/* Begin PBXResourcesBuildPhase section */
		1F93F38022123BD600E435C4 /* Resources */ = {
			isa = PBXResourcesBuildPhase;
			buildActionMask = 2147483647;
			files = (
				1F93F39022123BD700E435C4 /* LaunchScreen.storyboard in Resources */,
				1F93F38D22123BD700E435C4 /* Assets.xcassets in Resources */,
				1F93F38B22123BD600E435C4 /* Main.storyboard in Resources */,
			);
			runOnlyForDeploymentPostprocessing = 0;
		};
		1F93F39422123BD700E435C4 /* Resources */ = {
			isa = PBXResourcesBuildPhase;
			buildActionMask = 2147483647;
			files = (
			);
			runOnlyForDeploymentPostprocessing = 0;
		};
		1F93F39F22123BD700E435C4 /* Resources */ = {
			isa = PBXResourcesBuildPhase;
			buildActionMask = 2147483647;
			files = (
			);
			runOnlyForDeploymentPostprocessing = 0;
		};
/* End PBXResourcesBuildPhase section */

/* Begin PBXShellScriptBuildPhase section */
		06F033318C7CA46B645E31E6 /* [CP] Embed Pods Frameworks */ = {
			isa = PBXShellScriptBuildPhase;
			buildActionMask = 2147483647;
			files = (
			);
			inputFileListPaths = (
			);
			inputPaths = (
				"${PODS_ROOT}/Target Support Files/Pods-Parstagram/Pods-Parstagram-frameworks.sh",
				"${BUILT_PRODUCTS_DIR}/Alamofire/Alamofire.framework",
				"${BUILT_PRODUCTS_DIR}/AlamofireImage/AlamofireImage.framework",
				"${BUILT_PRODUCTS_DIR}/Bolts/Bolts.framework",
				"${BUILT_PRODUCTS_DIR}/Parse/Parse.framework",
			);
			name = "[CP] Embed Pods Frameworks";
			outputFileListPaths = (
			);
			outputPaths = (
				"${TARGET_BUILD_DIR}/${FRAMEWORKS_FOLDER_PATH}/Alamofire.framework",
				"${TARGET_BUILD_DIR}/${FRAMEWORKS_FOLDER_PATH}/AlamofireImage.framework",
				"${TARGET_BUILD_DIR}/${FRAMEWORKS_FOLDER_PATH}/Bolts.framework",
				"${TARGET_BUILD_DIR}/${FRAMEWORKS_FOLDER_PATH}/Parse.framework",
			);
			runOnlyForDeploymentPostprocessing = 0;
			shellPath = /bin/sh;
			shellScript = "\"${PODS_ROOT}/Target Support Files/Pods-Parstagram/Pods-Parstagram-frameworks.sh\"\n";
			showEnvVarsInLog = 0;
		};
		5221EC333490A181452CE522 /* [CP] Check Pods Manifest.lock */ = {
			isa = PBXShellScriptBuildPhase;
			buildActionMask = 2147483647;
			files = (
			);
			inputFileListPaths = (
			);
			inputPaths = (
				"${PODS_PODFILE_DIR_PATH}/Podfile.lock",
				"${PODS_ROOT}/Manifest.lock",
			);
			name = "[CP] Check Pods Manifest.lock";
			outputFileListPaths = (
			);
			outputPaths = (
				"$(DERIVED_FILE_DIR)/Pods-ParstagramTests-checkManifestLockResult.txt",
			);
			runOnlyForDeploymentPostprocessing = 0;
			shellPath = /bin/sh;
			shellScript = "diff \"${PODS_PODFILE_DIR_PATH}/Podfile.lock\" \"${PODS_ROOT}/Manifest.lock\" > /dev/null\nif [ $? != 0 ] ; then\n    # print error to STDERR\n    echo \"error: The sandbox is not in sync with the Podfile.lock. Run 'pod install' or update your CocoaPods installation.\" >&2\n    exit 1\nfi\n# This output is used by Xcode 'outputs' to avoid re-running this script phase.\necho \"SUCCESS\" > \"${SCRIPT_OUTPUT_FILE_0}\"\n";
			showEnvVarsInLog = 0;
		};
		5DC58CA50E5179A894F13CC5 /* [CP] Check Pods Manifest.lock */ = {
			isa = PBXShellScriptBuildPhase;
			buildActionMask = 2147483647;
			files = (
			);
			inputFileListPaths = (
			);
			inputPaths = (
				"${PODS_PODFILE_DIR_PATH}/Podfile.lock",
				"${PODS_ROOT}/Manifest.lock",
			);
			name = "[CP] Check Pods Manifest.lock";
			outputFileListPaths = (
			);
			outputPaths = (
				"$(DERIVED_FILE_DIR)/Pods-Parstagram-checkManifestLockResult.txt",
			);
			runOnlyForDeploymentPostprocessing = 0;
			shellPath = /bin/sh;
			shellScript = "diff \"${PODS_PODFILE_DIR_PATH}/Podfile.lock\" \"${PODS_ROOT}/Manifest.lock\" > /dev/null\nif [ $? != 0 ] ; then\n    # print error to STDERR\n    echo \"error: The sandbox is not in sync with the Podfile.lock. Run 'pod install' or update your CocoaPods installation.\" >&2\n    exit 1\nfi\n# This output is used by Xcode 'outputs' to avoid re-running this script phase.\necho \"SUCCESS\" > \"${SCRIPT_OUTPUT_FILE_0}\"\n";
			showEnvVarsInLog = 0;
		};
		F3F1F4224B389F2D47E66CC7 /* [CP] Check Pods Manifest.lock */ = {
			isa = PBXShellScriptBuildPhase;
			buildActionMask = 2147483647;
			files = (
			);
			inputFileListPaths = (
			);
			inputPaths = (
				"${PODS_PODFILE_DIR_PATH}/Podfile.lock",
				"${PODS_ROOT}/Manifest.lock",
			);
			name = "[CP] Check Pods Manifest.lock";
			outputFileListPaths = (
			);
			outputPaths = (
				"$(DERIVED_FILE_DIR)/Pods-ParstagramUITests-checkManifestLockResult.txt",
			);
			runOnlyForDeploymentPostprocessing = 0;
			shellPath = /bin/sh;
			shellScript = "diff \"${PODS_PODFILE_DIR_PATH}/Podfile.lock\" \"${PODS_ROOT}/Manifest.lock\" > /dev/null\nif [ $? != 0 ] ; then\n    # print error to STDERR\n    echo \"error: The sandbox is not in sync with the Podfile.lock. Run 'pod install' or update your CocoaPods installation.\" >&2\n    exit 1\nfi\n# This output is used by Xcode 'outputs' to avoid re-running this script phase.\necho \"SUCCESS\" > \"${SCRIPT_OUTPUT_FILE_0}\"\n";
			showEnvVarsInLog = 0;
		};
/* End PBXShellScriptBuildPhase section */

/* Begin PBXSourcesBuildPhase section */
		1F93F37E22123BD600E435C4 /* Sources */ = {
			isa = PBXSourcesBuildPhase;
			buildActionMask = 2147483647;
			files = (
				1F93F3B62212426B00E435C4 /* LoginViewController.swift in Sources */,
				1F5831072214AD64005C48A6 /* CameraViewController.swift in Sources */,
				1F93F3B82212427600E435C4 /* FeedViewController.swift in Sources */,
				1F93F38622123BD600E435C4 /* AppDelegate.swift in Sources */,
				1F2D43222214DB3F00942403 /* PostCell.swift in Sources */,
			);
			runOnlyForDeploymentPostprocessing = 0;
		};
		1F93F39222123BD700E435C4 /* Sources */ = {
			isa = PBXSourcesBuildPhase;
			buildActionMask = 2147483647;
			files = (
				1F93F39B22123BD700E435C4 /* ParstagramTests.swift in Sources */,
			);
			runOnlyForDeploymentPostprocessing = 0;
		};
		1F93F39D22123BD700E435C4 /* Sources */ = {
			isa = PBXSourcesBuildPhase;
			buildActionMask = 2147483647;
			files = (
				1F93F3A622123BD700E435C4 /* ParstagramUITests.swift in Sources */,
			);
			runOnlyForDeploymentPostprocessing = 0;
		};
/* End PBXSourcesBuildPhase section */

/* Begin PBXTargetDependency section */
		1F93F39822123BD700E435C4 /* PBXTargetDependency */ = {
			isa = PBXTargetDependency;
			target = 1F93F38122123BD600E435C4 /* Parstagram */;
			targetProxy = 1F93F39722123BD700E435C4 /* PBXContainerItemProxy */;
		};
		1F93F3A322123BD700E435C4 /* PBXTargetDependency */ = {
			isa = PBXTargetDependency;
			target = 1F93F38122123BD600E435C4 /* Parstagram */;
			targetProxy = 1F93F3A222123BD700E435C4 /* PBXContainerItemProxy */;
		};
/* End PBXTargetDependency section */

/* Begin PBXVariantGroup section */
		1F93F38922123BD600E435C4 /* Main.storyboard */ = {
			isa = PBXVariantGroup;
			children = (
				1F93F38A22123BD600E435C4 /* Base */,
			);
			name = Main.storyboard;
			sourceTree = "<group>";
		};
		1F93F38E22123BD700E435C4 /* LaunchScreen.storyboard */ = {
			isa = PBXVariantGroup;
			children = (
				1F93F38F22123BD700E435C4 /* Base */,
			);
			name = LaunchScreen.storyboard;
			sourceTree = "<group>";
		};
/* End PBXVariantGroup section */

/* Begin XCBuildConfiguration section */
		1F93F3A822123BD700E435C4 /* Debug */ = {
			isa = XCBuildConfiguration;
			buildSettings = {
				ALWAYS_SEARCH_USER_PATHS = NO;
				CLANG_ANALYZER_NONNULL = YES;
				CLANG_ANALYZER_NUMBER_OBJECT_CONVERSION = YES_AGGRESSIVE;
				CLANG_CXX_LANGUAGE_STANDARD = "gnu++14";
				CLANG_CXX_LIBRARY = "libc++";
				CLANG_ENABLE_MODULES = YES;
				CLANG_ENABLE_OBJC_ARC = YES;
				CLANG_ENABLE_OBJC_WEAK = YES;
				CLANG_WARN_BLOCK_CAPTURE_AUTORELEASING = YES;
				CLANG_WARN_BOOL_CONVERSION = YES;
				CLANG_WARN_COMMA = YES;
				CLANG_WARN_CONSTANT_CONVERSION = YES;
				CLANG_WARN_DEPRECATED_OBJC_IMPLEMENTATIONS = YES;
				CLANG_WARN_DIRECT_OBJC_ISA_USAGE = YES_ERROR;
				CLANG_WARN_DOCUMENTATION_COMMENTS = YES;
				CLANG_WARN_EMPTY_BODY = YES;
				CLANG_WARN_ENUM_CONVERSION = YES;
				CLANG_WARN_INFINITE_RECURSION = YES;
				CLANG_WARN_INT_CONVERSION = YES;
				CLANG_WARN_NON_LITERAL_NULL_CONVERSION = YES;
				CLANG_WARN_OBJC_IMPLICIT_RETAIN_SELF = YES;
				CLANG_WARN_OBJC_LITERAL_CONVERSION = YES;
				CLANG_WARN_OBJC_ROOT_CLASS = YES_ERROR;
				CLANG_WARN_RANGE_LOOP_ANALYSIS = YES;
				CLANG_WARN_STRICT_PROTOTYPES = YES;
				CLANG_WARN_SUSPICIOUS_MOVE = YES;
				CLANG_WARN_UNGUARDED_AVAILABILITY = YES_AGGRESSIVE;
				CLANG_WARN_UNREACHABLE_CODE = YES;
				CLANG_WARN__DUPLICATE_METHOD_MATCH = YES;
				CODE_SIGN_IDENTITY = "iPhone Developer";
				COPY_PHASE_STRIP = NO;
				DEBUG_INFORMATION_FORMAT = dwarf;
				ENABLE_STRICT_OBJC_MSGSEND = YES;
				ENABLE_TESTABILITY = YES;
				GCC_C_LANGUAGE_STANDARD = gnu11;
				GCC_DYNAMIC_NO_PIC = NO;
				GCC_NO_COMMON_BLOCKS = YES;
				GCC_OPTIMIZATION_LEVEL = 0;
				GCC_PREPROCESSOR_DEFINITIONS = (
					"DEBUG=1",
					"$(inherited)",
				);
				GCC_WARN_64_TO_32_BIT_CONVERSION = YES;
				GCC_WARN_ABOUT_RETURN_TYPE = YES_ERROR;
				GCC_WARN_UNDECLARED_SELECTOR = YES;
				GCC_WARN_UNINITIALIZED_AUTOS = YES_AGGRESSIVE;
				GCC_WARN_UNUSED_FUNCTION = YES;
				GCC_WARN_UNUSED_VARIABLE = YES;
				IPHONEOS_DEPLOYMENT_TARGET = 12.1;
				MTL_ENABLE_DEBUG_INFO = INCLUDE_SOURCE;
				MTL_FAST_MATH = YES;
				ONLY_ACTIVE_ARCH = YES;
				SDKROOT = iphoneos;
				SWIFT_ACTIVE_COMPILATION_CONDITIONS = DEBUG;
				SWIFT_OPTIMIZATION_LEVEL = "-Onone";
			};
			name = Debug;
		};
		1F93F3A922123BD700E435C4 /* Release */ = {
			isa = XCBuildConfiguration;
			buildSettings = {
				ALWAYS_SEARCH_USER_PATHS = NO;
				CLANG_ANALYZER_NONNULL = YES;
				CLANG_ANALYZER_NUMBER_OBJECT_CONVERSION = YES_AGGRESSIVE;
				CLANG_CXX_LANGUAGE_STANDARD = "gnu++14";
				CLANG_CXX_LIBRARY = "libc++";
				CLANG_ENABLE_MODULES = YES;
				CLANG_ENABLE_OBJC_ARC = YES;
				CLANG_ENABLE_OBJC_WEAK = YES;
				CLANG_WARN_BLOCK_CAPTURE_AUTORELEASING = YES;
				CLANG_WARN_BOOL_CONVERSION = YES;
				CLANG_WARN_COMMA = YES;
				CLANG_WARN_CONSTANT_CONVERSION = YES;
				CLANG_WARN_DEPRECATED_OBJC_IMPLEMENTATIONS = YES;
				CLANG_WARN_DIRECT_OBJC_ISA_USAGE = YES_ERROR;
				CLANG_WARN_DOCUMENTATION_COMMENTS = YES;
				CLANG_WARN_EMPTY_BODY = YES;
				CLANG_WARN_ENUM_CONVERSION = YES;
				CLANG_WARN_INFINITE_RECURSION = YES;
				CLANG_WARN_INT_CONVERSION = YES;
				CLANG_WARN_NON_LITERAL_NULL_CONVERSION = YES;
				CLANG_WARN_OBJC_IMPLICIT_RETAIN_SELF = YES;
				CLANG_WARN_OBJC_LITERAL_CONVERSION = YES;
				CLANG_WARN_OBJC_ROOT_CLASS = YES_ERROR;
				CLANG_WARN_RANGE_LOOP_ANALYSIS = YES;
				CLANG_WARN_STRICT_PROTOTYPES = YES;
				CLANG_WARN_SUSPICIOUS_MOVE = YES;
				CLANG_WARN_UNGUARDED_AVAILABILITY = YES_AGGRESSIVE;
				CLANG_WARN_UNREACHABLE_CODE = YES;
				CLANG_WARN__DUPLICATE_METHOD_MATCH = YES;
				CODE_SIGN_IDENTITY = "iPhone Developer";
				COPY_PHASE_STRIP = NO;
				DEBUG_INFORMATION_FORMAT = "dwarf-with-dsym";
				ENABLE_NS_ASSERTIONS = NO;
				ENABLE_STRICT_OBJC_MSGSEND = YES;
				GCC_C_LANGUAGE_STANDARD = gnu11;
				GCC_NO_COMMON_BLOCKS = YES;
				GCC_WARN_64_TO_32_BIT_CONVERSION = YES;
				GCC_WARN_ABOUT_RETURN_TYPE = YES_ERROR;
				GCC_WARN_UNDECLARED_SELECTOR = YES;
				GCC_WARN_UNINITIALIZED_AUTOS = YES_AGGRESSIVE;
				GCC_WARN_UNUSED_FUNCTION = YES;
				GCC_WARN_UNUSED_VARIABLE = YES;
				IPHONEOS_DEPLOYMENT_TARGET = 12.1;
				MTL_ENABLE_DEBUG_INFO = NO;
				MTL_FAST_MATH = YES;
				SDKROOT = iphoneos;
				SWIFT_COMPILATION_MODE = wholemodule;
				SWIFT_OPTIMIZATION_LEVEL = "-O";
				VALIDATE_PRODUCT = YES;
			};
			name = Release;
		};
		1F93F3AB22123BD700E435C4 /* Debug */ = {
			isa = XCBuildConfiguration;
			baseConfigurationReference = D03AEA6E902AFCBD8BDE10BC /* Pods-Parstagram.debug.xcconfig */;
			buildSettings = {
				ASSETCATALOG_COMPILER_APPICON_NAME = AppIcon;
				CODE_SIGN_STYLE = Automatic;
				DEVELOPMENT_TEAM = 336695RJ3Y;
				INFOPLIST_FILE = Parstagram/Info.plist;
				LD_RUNPATH_SEARCH_PATHS = (
					"$(inherited)",
					"@executable_path/Frameworks",
				);
				PRODUCT_BUNDLE_IDENTIFIER = com.NickPappas.Parstagram;
				PRODUCT_NAME = "$(TARGET_NAME)";
				SWIFT_VERSION = 4.2;
				TARGETED_DEVICE_FAMILY = "1,2";
			};
			name = Debug;
		};
		1F93F3AC22123BD700E435C4 /* Release */ = {
			isa = XCBuildConfiguration;
			baseConfigurationReference = C7E002C98B75FAC8541AA93E /* Pods-Parstagram.release.xcconfig */;
			buildSettings = {
				ASSETCATALOG_COMPILER_APPICON_NAME = AppIcon;
				CODE_SIGN_STYLE = Automatic;
				DEVELOPMENT_TEAM = 336695RJ3Y;
				INFOPLIST_FILE = Parstagram/Info.plist;
				LD_RUNPATH_SEARCH_PATHS = (
					"$(inherited)",
					"@executable_path/Frameworks",
				);
				PRODUCT_BUNDLE_IDENTIFIER = com.NickPappas.Parstagram;
				PRODUCT_NAME = "$(TARGET_NAME)";
				SWIFT_VERSION = 4.2;
				TARGETED_DEVICE_FAMILY = "1,2";
			};
			name = Release;
		};
		1F93F3AE22123BD700E435C4 /* Debug */ = {
			isa = XCBuildConfiguration;
			baseConfigurationReference = E25F5AD4BDC2194EB8562315 /* Pods-ParstagramTests.debug.xcconfig */;
			buildSettings = {
				ALWAYS_EMBED_SWIFT_STANDARD_LIBRARIES = YES;
				BUNDLE_LOADER = "$(TEST_HOST)";
				CODE_SIGN_STYLE = Automatic;
				DEVELOPMENT_TEAM = 336695RJ3Y;
				INFOPLIST_FILE = ParstagramTests/Info.plist;
				LD_RUNPATH_SEARCH_PATHS = (
					"$(inherited)",
					"@executable_path/Frameworks",
					"@loader_path/Frameworks",
				);
				PRODUCT_BUNDLE_IDENTIFIER = com.NickPappas.ParstagramTests;
				PRODUCT_NAME = "$(TARGET_NAME)";
				SWIFT_VERSION = 4.2;
				TARGETED_DEVICE_FAMILY = "1,2";
				TEST_HOST = "$(BUILT_PRODUCTS_DIR)/Parstagram.app/Parstagram";
			};
			name = Debug;
		};
		1F93F3AF22123BD700E435C4 /* Release */ = {
			isa = XCBuildConfiguration;
			baseConfigurationReference = 9946E4E63B7A8BF3C97D78BB /* Pods-ParstagramTests.release.xcconfig */;
			buildSettings = {
				ALWAYS_EMBED_SWIFT_STANDARD_LIBRARIES = YES;
				BUNDLE_LOADER = "$(TEST_HOST)";
				CODE_SIGN_STYLE = Automatic;
				DEVELOPMENT_TEAM = 336695RJ3Y;
				INFOPLIST_FILE = ParstagramTests/Info.plist;
				LD_RUNPATH_SEARCH_PATHS = (
					"$(inherited)",
					"@executable_path/Frameworks",
					"@loader_path/Frameworks",
				);
				PRODUCT_BUNDLE_IDENTIFIER = com.NickPappas.ParstagramTests;
				PRODUCT_NAME = "$(TARGET_NAME)";
				SWIFT_VERSION = 4.2;
				TARGETED_DEVICE_FAMILY = "1,2";
				TEST_HOST = "$(BUILT_PRODUCTS_DIR)/Parstagram.app/Parstagram";
			};
			name = Release;
		};
		1F93F3B122123BD700E435C4 /* Debug */ = {
			isa = XCBuildConfiguration;
			baseConfigurationReference = 89BBDF7982E26090E9542A84 /* Pods-ParstagramUITests.debug.xcconfig */;
			buildSettings = {
				ALWAYS_EMBED_SWIFT_STANDARD_LIBRARIES = YES;
				CODE_SIGN_STYLE = Automatic;
				DEVELOPMENT_TEAM = 336695RJ3Y;
				INFOPLIST_FILE = ParstagramUITests/Info.plist;
				LD_RUNPATH_SEARCH_PATHS = (
					"$(inherited)",
					"@executable_path/Frameworks",
					"@loader_path/Frameworks",
				);
				PRODUCT_BUNDLE_IDENTIFIER = com.NickPappas.ParstagramUITests;
				PRODUCT_NAME = "$(TARGET_NAME)";
				SWIFT_VERSION = 4.2;
				TARGETED_DEVICE_FAMILY = "1,2";
				TEST_TARGET_NAME = Parstagram;
			};
			name = Debug;
		};
		1F93F3B222123BD700E435C4 /* Release */ = {
			isa = XCBuildConfiguration;
			baseConfigurationReference = EDE7A3905645FCDF53D2F6EB /* Pods-ParstagramUITests.release.xcconfig */;
			buildSettings = {
				ALWAYS_EMBED_SWIFT_STANDARD_LIBRARIES = YES;
				CODE_SIGN_STYLE = Automatic;
				DEVELOPMENT_TEAM = 336695RJ3Y;
				INFOPLIST_FILE = ParstagramUITests/Info.plist;
				LD_RUNPATH_SEARCH_PATHS = (
					"$(inherited)",
					"@executable_path/Frameworks",
					"@loader_path/Frameworks",
				);
				PRODUCT_BUNDLE_IDENTIFIER = com.NickPappas.ParstagramUITests;
				PRODUCT_NAME = "$(TARGET_NAME)";
				SWIFT_VERSION = 4.2;
				TARGETED_DEVICE_FAMILY = "1,2";
				TEST_TARGET_NAME = Parstagram;
			};
			name = Release;
		};
/* End XCBuildConfiguration section */

/* Begin XCConfigurationList section */
		1F93F37D22123BD600E435C4 /* Build configuration list for PBXProject "Parstagram" */ = {
			isa = XCConfigurationList;
			buildConfigurations = (
				1F93F3A822123BD700E435C4 /* Debug */,
				1F93F3A922123BD700E435C4 /* Release */,
			);
			defaultConfigurationIsVisible = 0;
			defaultConfigurationName = Release;
		};
		1F93F3AA22123BD700E435C4 /* Build configuration list for PBXNativeTarget "Parstagram" */ = {
			isa = XCConfigurationList;
			buildConfigurations = (
				1F93F3AB22123BD700E435C4 /* Debug */,
				1F93F3AC22123BD700E435C4 /* Release */,
			);
			defaultConfigurationIsVisible = 0;
			defaultConfigurationName = Release;
		};
		1F93F3AD22123BD700E435C4 /* Build configuration list for PBXNativeTarget "ParstagramTests" */ = {
			isa = XCConfigurationList;
			buildConfigurations = (
				1F93F3AE22123BD700E435C4 /* Debug */,
				1F93F3AF22123BD700E435C4 /* Release */,
			);
			defaultConfigurationIsVisible = 0;
			defaultConfigurationName = Release;
		};
		1F93F3B022123BD700E435C4 /* Build configuration list for PBXNativeTarget "ParstagramUITests" */ = {
			isa = XCConfigurationList;
			buildConfigurations = (
				1F93F3B122123BD700E435C4 /* Debug */,
				1F93F3B222123BD700E435C4 /* Release */,
			);
			defaultConfigurationIsVisible = 0;
			defaultConfigurationName = Release;
		};
/* End XCConfigurationList section */
	};
	rootObject = 1F93F37A22123BD600E435C4 /* Project object */;
}
